
Microsoft Visual Studio Solution File, Format Version 12.00
# Visual Studio Version 17
VisualStudioVersion = 17.9.34607.119
MinimumVisualStudioVersion = 10.0.40219.1
Project("{2150E333-8FDC-42A3-9474-1A3956D46DE8}") = "src", "src", "{7C921C90-39F2-4C59-850E-D0A354BCDB83}"
EndProject
Project("{2150E333-8FDC-42A3-9474-1A3956D46DE8}") = "test", "test", "{0923DA9D-AEE8-4C7C-864C-A6B9D968B600}"
EndProject
Project("{2150E333-8FDC-42A3-9474-1A3956D46DE8}") = "API", "API", "{0B79D88D-11CF-4906-BD30-9A76D6C0972A}"
EndProject
Project("{2150E333-8FDC-42A3-9474-1A3956D46DE8}") = "Core", "Core", "{865ABD22-7BDA-4396-93EF-576E3FA38D7C}"
EndProject
Project("{2150E333-8FDC-42A3-9474-1A3956D46DE8}") = "UI", "UI", "{1DB41487-12F5-48A0-AB96-FDFB27524801}"
EndProject
Project("{2150E333-8FDC-42A3-9474-1A3956D46DE8}") = "Infrastructure", "Infrastructure", "{78152D97-FF8A-4A51-82A6-C9FE169C1D50}"
EndProject
Project("{9A19103F-16F7-4668-BE54-9A1E7A4F7556}") = "HRLeaveManagement.Domain", "HRLeaveManagement.Domain\HRLeaveManagement.Domain.csproj", "{B2989095-7BAE-45BA-918E-A8F090AA0A0A}"
EndProject
Project("{9A19103F-16F7-4668-BE54-9A1E7A4F7556}") = "HRLeaveManagement.Application", "Application\HRLeaveManagement.Application.csproj", "{82DE2D83-916C-4880-AAD3-90D9BF1DCD9A}"
EndProject
Project("{9A19103F-16F7-4668-BE54-9A1E7A4F7556}") = "HRLeaveManagement.Persistence", "HRLeaveManagement.Persistence\HRLeaveManagement.Persistence.csproj", "{5D198224-276B-4D78-B8F6-7716DF682F4B}"
EndProject
Project("{9A19103F-16F7-4668-BE54-9A1E7A4F7556}") = "HRLeaveManagement.Infrastructure", "HRLeaveManagement.Infrastructure\HRLeaveManagement.Infrastructure.csproj", "{A6FF22E7-1340-4B03-9E59-A7FD4E1CA502}"
EndProject
Project("{9A19103F-16F7-4668-BE54-9A1E7A4F7556}") = "HrLeaveManagement.Api", "HrLeaveManagement.Api\HrLeaveManagement.Api.csproj", "{1DA22E9F-D744-40C3-BA4E-366D6B8C3D92}"
EndProject
Project("{9A19103F-16F7-4668-BE54-9A1E7A4F7556}") = "HrLeaveManagement.Application.UnitTest", "HrLeaveManagement.Application.UnitTest\HrLeaveManagement.Application.UnitTest.csproj", "{34686249-ABDF-48D3-B794-9BCB9B324BEB}"
EndProject
Project("{FAE04EC0-301F-11D3-BF4B-00C04F79EFBC}") = "HrLeaveManagement.Persistent.IntegrationTest", "HrLeaveManagement.Persistent.IntegrationTest\HrLeaveManagement.Persistent.IntegrationTest.csproj", "{69BDA50F-218D-4BB0-BC5F-FD2E8C3B44A7}"
EndProject
Global
	GlobalSection(SolutionConfigurationPlatforms) = preSolution
		Debug|Any CPU = Debug|Any CPU
		Release|Any CPU = Release|Any CPU
	EndGlobalSection
	GlobalSection(ProjectConfigurationPlatforms) = postSolution
		{B2989095-7BAE-45BA-918E-A8F090AA0A0A}.Debug|Any CPU.ActiveCfg = Debug|Any CPU
		{B2989095-7BAE-45BA-918E-A8F090AA0A0A}.Debug|Any CPU.Build.0 = Debug|Any CPU
		{B2989095-7BAE-45BA-918E-A8F090AA0A0A}.Release|Any CPU.ActiveCfg = Release|Any CPU
		{B2989095-7BAE-45BA-918E-A8F090AA0A0A}.Release|Any CPU.Build.0 = Release|Any CPU
		{82DE2D83-916C-4880-AAD3-90D9BF1DCD9A}.Debug|Any CPU.ActiveCfg = Debug|Any CPU
		{82DE2D83-916C-4880-AAD3-90D9BF1DCD9A}.Debug|Any CPU.Build.0 = Debug|Any CPU
		{82DE2D83-916C-4880-AAD3-90D9BF1DCD9A}.Release|Any CPU.ActiveCfg = Release|Any CPU
		{82DE2D83-916C-4880-AAD3-90D9BF1DCD9A}.Release|Any CPU.Build.0 = Release|Any CPU
		{5D198224-276B-4D78-B8F6-7716DF682F4B}.Debug|Any CPU.ActiveCfg = Debug|Any CPU
		{5D198224-276B-4D78-B8F6-7716DF682F4B}.Debug|Any CPU.Build.0 = Debug|Any CPU
		{5D198224-276B-4D78-B8F6-7716DF682F4B}.Release|Any CPU.ActiveCfg = Release|Any CPU
		{5D198224-276B-4D78-B8F6-7716DF682F4B}.Release|Any CPU.Build.0 = Release|Any CPU
		{A6FF22E7-1340-4B03-9E59-A7FD4E1CA502}.Debug|Any CPU.ActiveCfg = Debug|Any CPU
		{A6FF22E7-1340-4B03-9E59-A7FD4E1CA502}.Debug|Any CPU.Build.0 = Debug|Any CPU
		{A6FF22E7-1340-4B03-9E59-A7FD4E1CA502}.Release|Any CPU.ActiveCfg = Release|Any CPU
		{A6FF22E7-1340-4B03-9E59-A7FD4E1CA502}.Release|Any CPU.Build.0 = Release|Any CPU
		{1DA22E9F-D744-40C3-BA4E-366D6B8C3D92}.Debug|Any CPU.ActiveCfg = Debug|Any CPU
		{1DA22E9F-D744-40C3-BA4E-366D6B8C3D92}.Debug|Any CPU.Build.0 = Debug|Any CPU
		{1DA22E9F-D744-40C3-BA4E-366D6B8C3D92}.Release|Any CPU.ActiveCfg = Release|Any CPU
		{1DA22E9F-D744-40C3-BA4E-366D6B8C3D92}.Release|Any CPU.Build.0 = Release|Any CPU
		{34686249-ABDF-48D3-B794-9BCB9B324BEB}.Debug|Any CPU.ActiveCfg = Debug|Any CPU
		{34686249-ABDF-48D3-B794-9BCB9B324BEB}.Debug|Any CPU.Build.0 = Debug|Any CPU
		{34686249-ABDF-48D3-B794-9BCB9B324BEB}.Release|Any CPU.ActiveCfg = Release|Any CPU
		{34686249-ABDF-48D3-B794-9BCB9B324BEB}.Release|Any CPU.Build.0 = Release|Any CPU
		{69BDA50F-218D-4BB0-BC5F-FD2E8C3B44A7}.Debug|Any CPU.ActiveCfg = Debug|Any CPU
		{69BDA50F-218D-4BB0-BC5F-FD2E8C3B44A7}.Debug|Any CPU.Build.0 = Debug|Any CPU
		{69BDA50F-218D-4BB0-BC5F-FD2E8C3B44A7}.Release|Any CPU.ActiveCfg = Release|Any CPU
		{69BDA50F-218D-4BB0-BC5F-FD2E8C3B44A7}.Release|Any CPU.Build.0 = Release|Any CPU
	EndGlobalSection
	GlobalSection(SolutionProperties) = preSolution
		HideSolutionNode = FALSE
	EndGlobalSection
	GlobalSection(NestedProjects) = preSolution
		{0B79D88D-11CF-4906-BD30-9A76D6C0972A} = {7C921C90-39F2-4C59-850E-D0A354BCDB83}
		{865ABD22-7BDA-4396-93EF-576E3FA38D7C} = {7C921C90-39F2-4C59-850E-D0A354BCDB83}
		{1DB41487-12F5-48A0-AB96-FDFB27524801} = {7C921C90-39F2-4C59-850E-D0A354BCDB83}
		{78152D97-FF8A-4A51-82A6-C9FE169C1D50} = {7C921C90-39F2-4C59-850E-D0A354BCDB83}
		{B2989095-7BAE-45BA-918E-A8F090AA0A0A} = {865ABD22-7BDA-4396-93EF-576E3FA38D7C}
		{82DE2D83-916C-4880-AAD3-90D9BF1DCD9A} = {865ABD22-7BDA-4396-93EF-576E3FA38D7C}
		{5D198224-276B-4D78-B8F6-7716DF682F4B} = {78152D97-FF8A-4A51-82A6-C9FE169C1D50}
		{A6FF22E7-1340-4B03-9E59-A7FD4E1CA502} = {78152D97-FF8A-4A51-82A6-C9FE169C1D50}
		{1DA22E9F-D744-40C3-BA4E-366D6B8C3D92} = {0B79D88D-11CF-4906-BD30-9A76D6C0972A}
		{34686249-ABDF-48D3-B794-9BCB9B324BEB} = {0923DA9D-AEE8-4C7C-864C-A6B9D968B600}
		{69BDA50F-218D-4BB0-BC5F-FD2E8C3B44A7} = {0923DA9D-AEE8-4C7C-864C-A6B9D968B600}
	EndGlobalSection
	GlobalSection(ExtensibilityGlobals) = postSolution
		SolutionGuid = {FDBB2B3D-4C12-4941-9D4B-672C0C55E72B}
	EndGlobalSection
EndGlobal
